// !$*UTF8*$!
{
	archiveVersion = 1;
	classes = {
	};
	objectVersion = 46;
	objects = {

/* Begin PBXBuildFile section */
		8D11072F0486CEB800E47090 /* Cocoa.framework in Frameworks */ = {isa = PBXBuildFile; fileRef = 1058C7A1FEA54F0111CA2CBB /* Cocoa.framework */; };
		9D0D84AC1CEA83C900BB9846 /* main.m in Sources */ = {isa = PBXBuildFile; fileRef = 9D0D84A81CEA83C900BB9846 /* main.m */; };
		9D0D84AD1CEA83C900BB9846 /* PMDAppDelegate.m in Sources */ = {isa = PBXBuildFile; fileRef = 9D0D84AA1CEA83C900BB9846 /* PMDAppDelegate.m */; };
		9D0D84B41CEA83D300BB9846 /* InfoPlist.strings in Resources */ = {isa = PBXBuildFile; fileRef = 9D0D84AF1CEA83D300BB9846 /* InfoPlist.strings */; };
		9D0D84B51CEA83D300BB9846 /* MainMenu.xib in Resources */ = {isa = PBXBuildFile; fileRef = 9D0D84B11CEA83D300BB9846 /* MainMenu.xib */; };
		9D0D84E51CEA84D600BB9846 /* PowerMateKit.framework in Frameworks */ = {isa = PBXBuildFile; fileRef = 9D0D84E41CEA84D000BB9846 /* PowerMateKit.framework */; };
		9D0D84E61CEA84D600BB9846 /* PowerMateKit.framework in Embed Frameworks */ = {isa = PBXBuildFile; fileRef = 9D0D84E41CEA84D000BB9846 /* PowerMateKit.framework */; settings = {ATTRIBUTES = (CodeSignOnCopy, RemoveHeadersOnCopy, ); }; };
		C96C813D11B707EB00315458 /* IOKit.framework in Frameworks */ = {isa = PBXBuildFile; fileRef = C96C813C11B707EB00315458 /* IOKit.framework */; };
/* End PBXBuildFile section */

/* Begin PBXContainerItemProxy section */
		9D0D84E31CEA84D000BB9846 /* PBXContainerItemProxy */ = {
			isa = PBXContainerItemProxy;
			containerPortal = 9D0D84DF1CEA84D000BB9846 /* PowerMateKit.xcodeproj */;
			proxyType = 2;
			remoteGlobalIDString = 9D0D84C11CEA83FB00BB9846;
			remoteInfo = PowerMateKit;
		};
		9D0D84E71CEA84D600BB9846 /* PBXContainerItemProxy */ = {
			isa = PBXContainerItemProxy;
			containerPortal = 9D0D84DF1CEA84D000BB9846 /* PowerMateKit.xcodeproj */;
			proxyType = 1;
			remoteGlobalIDString = 9D0D84C01CEA83FB00BB9846;
			remoteInfo = PowerMateKit;
		};
/* End PBXContainerItemProxy section */

/* Begin PBXCopyFilesBuildPhase section */
		9D0D84E91CEA84D600BB9846 /* Embed Frameworks */ = {
			isa = PBXCopyFilesBuildPhase;
			buildActionMask = 2147483647;
			dstPath = "";
			dstSubfolderSpec = 10;
			files = (
				9D0D84E61CEA84D600BB9846 /* PowerMateKit.framework in Embed Frameworks */,
			);
			name = "Embed Frameworks";
			runOnlyForDeploymentPostprocessing = 0;
		};
/* End PBXCopyFilesBuildPhase section */

/* Begin PBXFileReference section */
		1058C7A1FEA54F0111CA2CBB /* Cocoa.framework */ = {isa = PBXFileReference; lastKnownFileType = wrapper.framework; name = Cocoa.framework; path = /System/Library/Frameworks/Cocoa.framework; sourceTree = "<absolute>"; };
		13E42FB307B3F0F600E4EEF1 /* CoreData.framework */ = {isa = PBXFileReference; lastKnownFileType = wrapper.framework; name = CoreData.framework; path = /System/Library/Frameworks/CoreData.framework; sourceTree = "<absolute>"; };
		29B97324FDCFA39411CA2CEA /* AppKit.framework */ = {isa = PBXFileReference; lastKnownFileType = wrapper.framework; name = AppKit.framework; path = /System/Library/Frameworks/AppKit.framework; sourceTree = "<absolute>"; };
		29B97325FDCFA39411CA2CEA /* Foundation.framework */ = {isa = PBXFileReference; lastKnownFileType = wrapper.framework; name = Foundation.framework; path = /System/Library/Frameworks/Foundation.framework; sourceTree = "<absolute>"; };
		8D1107320486CEB800E47090 /* PMDemo.app */ = {isa = PBXFileReference; explicitFileType = wrapper.application; includeInIndex = 0; path = PMDemo.app; sourceTree = BUILT_PRODUCTS_DIR; };
		9D0D84A81CEA83C900BB9846 /* main.m */ = {isa = PBXFileReference; fileEncoding = 4; lastKnownFileType = sourcecode.c.objc; path = main.m; sourceTree = "<group>"; };
		9D0D84A91CEA83C900BB9846 /* PMDAppDelegate.h */ = {isa = PBXFileReference; fileEncoding = 4; lastKnownFileType = sourcecode.c.h; path = PMDAppDelegate.h; sourceTree = "<group>"; };
		9D0D84AA1CEA83C900BB9846 /* PMDAppDelegate.m */ = {isa = PBXFileReference; fileEncoding = 4; lastKnownFileType = sourcecode.c.objc; path = PMDAppDelegate.m; sourceTree = "<group>"; };
		9D0D84AB1CEA83C900BB9846 /* PMDemo_Prefix.pch */ = {isa = PBXFileReference; fileEncoding = 4; lastKnownFileType = sourcecode.c.h; path = PMDemo_Prefix.pch; sourceTree = "<group>"; };
		9D0D84B01CEA83D300BB9846 /* English */ = {isa = PBXFileReference; lastKnownFileType = text.plist.strings; name = English; path = English.lproj/InfoPlist.strings; sourceTree = "<group>"; };
		9D0D84B21CEA83D300BB9846 /* English */ = {isa = PBXFileReference; lastKnownFileType = file.xib; name = English; path = English.lproj/MainMenu.xib; sourceTree = "<group>"; };
		9D0D84B31CEA83D300BB9846 /* PMDemo-Info.plist */ = {isa = PBXFileReference; fileEncoding = 4; lastKnownFileType = text.plist.xml; path = "PMDemo-Info.plist"; sourceTree = "<group>"; };
		9D0D84DF1CEA84D000BB9846 /* PowerMateKit.xcodeproj */ = {isa = PBXFileReference; lastKnownFileType = "wrapper.pb-project"; name = PowerMateKit.xcodeproj; path = "../Framework Project/PowerMateKit.xcodeproj"; sourceTree = "<group>"; };
		C96C813C11B707EB00315458 /* IOKit.framework */ = {isa = PBXFileReference; lastKnownFileType = wrapper.framework; name = IOKit.framework; path = System/Library/Frameworks/IOKit.framework; sourceTree = SDKROOT; };
/* End PBXFileReference section */

/* Begin PBXFrameworksBuildPhase section */
		8D11072E0486CEB800E47090 /* Frameworks */ = {
			isa = PBXFrameworksBuildPhase;
			buildActionMask = 2147483647;
			files = (
				9D0D84E51CEA84D600BB9846 /* PowerMateKit.framework in Frameworks */,
				8D11072F0486CEB800E47090 /* Cocoa.framework in Frameworks */,
				C96C813D11B707EB00315458 /* IOKit.framework in Frameworks */,
			);
			runOnlyForDeploymentPostprocessing = 0;
		};
/* End PBXFrameworksBuildPhase section */

/* Begin PBXGroup section */
		1058C7A0FEA54F0111CA2CBB /* Linked Frameworks */ = {
			isa = PBXGroup;
			children = (
				1058C7A1FEA54F0111CA2CBB /* Cocoa.framework */,
				C96C813C11B707EB00315458 /* IOKit.framework */,
			);
			name = "Linked Frameworks";
			sourceTree = "<group>";
		};
		1058C7A2FEA54F0111CA2CBB /* Other Frameworks */ = {
			isa = PBXGroup;
			children = (
				29B97324FDCFA39411CA2CEA /* AppKit.framework */,
				13E42FB307B3F0F600E4EEF1 /* CoreData.framework */,
				29B97325FDCFA39411CA2CEA /* Foundation.framework */,
			);
			name = "Other Frameworks";
			sourceTree = "<group>";
		};
		19C28FACFE9D520D11CA2CBB /* Products */ = {
			isa = PBXGroup;
			children = (
				8D1107320486CEB800E47090 /* PMDemo.app */,
			);
			name = Products;
			sourceTree = "<group>";
		};
		29B97314FDCFA39411CA2CEA /* PMDemo */ = {
			isa = PBXGroup;
			children = (
				9D0D84A71CEA83C900BB9846 /* Sources */,
				9D0D84AE1CEA83D300BB9846 /* Resources */,
				29B97323FDCFA39411CA2CEA /* Frameworks */,
				19C28FACFE9D520D11CA2CBB /* Products */,
			);
			name = PMDemo;
			sourceTree = "<group>";
		};
		29B97323FDCFA39411CA2CEA /* Frameworks */ = {
			isa = PBXGroup;
			children = (
				9D0D84DF1CEA84D000BB9846 /* PowerMateKit.xcodeproj */,
				1058C7A0FEA54F0111CA2CBB /* Linked Frameworks */,
				1058C7A2FEA54F0111CA2CBB /* Other Frameworks */,
			);
			name = Frameworks;
			sourceTree = "<group>";
		};
		9D0D84A71CEA83C900BB9846 /* Sources */ = {
			isa = PBXGroup;
			children = (
				9D0D84A91CEA83C900BB9846 /* PMDAppDelegate.h */,
				9D0D84AA1CEA83C900BB9846 /* PMDAppDelegate.m */,
				9D0D84EA1CEA84F700BB9846 /* Other Sources */,
			);
			path = Sources;
			sourceTree = "<group>";
		};
		9D0D84AE1CEA83D300BB9846 /* Resources */ = {
			isa = PBXGroup;
			children = (
				9D0D84AF1CEA83D300BB9846 /* InfoPlist.strings */,
				9D0D84B11CEA83D300BB9846 /* MainMenu.xib */,
				9D0D84B31CEA83D300BB9846 /* PMDemo-Info.plist */,
			);
			path = Resources;
			sourceTree = "<group>";
		};
		9D0D84E01CEA84D000BB9846 /* Products */ = {
			isa = PBXGroup;
			children = (
				9D0D84E41CEA84D000BB9846 /* PowerMateKit.framework */,
			);
			name = Products;
			sourceTree = "<group>";
		};
		9D0D84EA1CEA84F700BB9846 /* Other Sources */ = {
			isa = PBXGroup;
			children = (
				9D0D84A81CEA83C900BB9846 /* main.m */,
				9D0D84AB1CEA83C900BB9846 /* PMDemo_Prefix.pch */,
			);
			name = "Other Sources";
			sourceTree = "<group>";
		};
/* End PBXGroup section */

/* Begin PBXNativeTarget section */
		8D1107260486CEB800E47090 /* PMDemo */ = {
			isa = PBXNativeTarget;
			buildConfigurationList = C01FCF4A08A954540054247B /* Build configuration list for PBXNativeTarget "PMDemo" */;
			buildPhases = (
				8D1107290486CEB800E47090 /* Resources */,
				8D11072C0486CEB800E47090 /* Sources */,
				8D11072E0486CEB800E47090 /* Frameworks */,
				9D0D84E91CEA84D600BB9846 /* Embed Frameworks */,
			);
			buildRules = (
			);
			dependencies = (
				9D0D84E81CEA84D600BB9846 /* PBXTargetDependency */,
			);
			name = PMDemo;
			productInstallPath = "$(HOME)/Applications";
			productName = PMDemo;
			productReference = 8D1107320486CEB800E47090 /* PMDemo.app */;
			productType = "com.apple.product-type.application";
		};
/* End PBXNativeTarget section */

/* Begin PBXProject section */
		29B97313FDCFA39411CA2CEA /* Project object */ = {
			isa = PBXProject;
			attributes = {
				LastUpgradeCheck = 0730;
			};
			buildConfigurationList = C01FCF4E08A954540054247B /* Build configuration list for PBXProject "PMDemo" */;
			compatibilityVersion = "Xcode 3.2";
			developmentRegion = English;
			hasScannedForEncodings = 1;
			knownRegions = (
				en,
				English,
			);
			mainGroup = 29B97314FDCFA39411CA2CEA /* PMDemo */;
			projectDirPath = "";
			projectReferences = (
				{
					ProductGroup = 9D0D84E01CEA84D000BB9846 /* Products */;
					ProjectRef = 9D0D84DF1CEA84D000BB9846 /* PowerMateKit.xcodeproj */;
				},
			);
			projectRoot = "";
			targets = (
				8D1107260486CEB800E47090 /* PMDemo */,
			);
		};
/* End PBXProject section */

/* Begin PBXReferenceProxy section */
		9D0D84E41CEA84D000BB9846 /* PowerMateKit.framework */ = {
			isa = PBXReferenceProxy;
			fileType = wrapper.framework;
			path = PowerMateKit.framework;
			remoteRef = 9D0D84E31CEA84D000BB9846 /* PBXContainerItemProxy */;
			sourceTree = BUILT_PRODUCTS_DIR;
		};
/* End PBXReferenceProxy section */

/* Begin PBXResourcesBuildPhase section */
		8D1107290486CEB800E47090 /* Resources */ = {
			isa = PBXResourcesBuildPhase;
			buildActionMask = 2147483647;
			files = (
				9D0D84B41CEA83D300BB9846 /* InfoPlist.strings in Resources */,
				9D0D84B51CEA83D300BB9846 /* MainMenu.xib in Resources */,
			);
			runOnlyForDeploymentPostprocessing = 0;
		};
/* End PBXResourcesBuildPhase section */

/* Begin PBXSourcesBuildPhase section */
		8D11072C0486CEB800E47090 /* Sources */ = {
			isa = PBXSourcesBuildPhase;
			buildActionMask = 2147483647;
			files = (
				9D0D84AD1CEA83C900BB9846 /* PMDAppDelegate.m in Sources */,
				9D0D84AC1CEA83C900BB9846 /* main.m in Sources */,
			);
			runOnlyForDeploymentPostprocessing = 0;
		};
/* End PBXSourcesBuildPhase section */

/* Begin PBXTargetDependency section */
		9D0D84E81CEA84D600BB9846 /* PBXTargetDependency */ = {
			isa = PBXTargetDependency;
			name = PowerMateKit;
			targetProxy = 9D0D84E71CEA84D600BB9846 /* PBXContainerItemProxy */;
		};
/* End PBXTargetDependency section */

/* Begin PBXVariantGroup section */
		9D0D84AF1CEA83D300BB9846 /* InfoPlist.strings */ = {
			isa = PBXVariantGroup;
			children = (
				9D0D84B01CEA83D300BB9846 /* English */,
			);
			name = InfoPlist.strings;
			sourceTree = "<group>";
		};
		9D0D84B11CEA83D300BB9846 /* MainMenu.xib */ = {
			isa = PBXVariantGroup;
			children = (
				9D0D84B21CEA83D300BB9846 /* English */,
			);
			name = MainMenu.xib;
			sourceTree = "<group>";
		};
/* End PBXVariantGroup section */

/* Begin XCBuildConfiguration section */
		C01FCF4B08A954540054247B /* Debug */ = {
			isa = XCBuildConfiguration;
			buildSettings = {
				ALWAYS_SEARCH_USER_PATHS = NO;
				COMBINE_HIDPI_IMAGES = YES;
				COPY_PHASE_STRIP = NO;
				GCC_DYNAMIC_NO_PIC = NO;
				GCC_MODEL_TUNING = G5;
				GCC_OPTIMIZATION_LEVEL = 0;
				GCC_PRECOMPILE_PREFIX_HEADER = YES;
				GCC_PREFIX_HEADER = Sources/PMDemo_Prefix.pch;
				INFOPLIST_FILE = "$(SRCROOT)/Resources/PMDemo-Info.plist";
				INSTALL_PATH = "$(HOME)/Applications";
				LD_RUNPATH_SEARCH_PATHS = "$(inherited) @executable_path/../Frameworks";
				PRODUCT_BUNDLE_IDENTIFIER = "com.sgntn.${PRODUCT_NAME:rfc1034identifier}";
				PRODUCT_NAME = PMDemo;
			};
			name = Debug;
		};
		C01FCF4C08A954540054247B /* Release */ = {
			isa = XCBuildConfiguration;
			buildSettings = {
				ALWAYS_SEARCH_USER_PATHS = NO;
				COMBINE_HIDPI_IMAGES = YES;
				DEBUG_INFORMATION_FORMAT = "dwarf-with-dsym";
				GCC_MODEL_TUNING = G5;
				GCC_PRECOMPILE_PREFIX_HEADER = YES;
				GCC_PREFIX_HEADER = Sources/PMDemo_Prefix.pch;
				INFOPLIST_FILE = "$(SRCROOT)/Resources/PMDemo-Info.plist";
				INSTALL_PATH = "$(HOME)/Applications";
				LD_RUNPATH_SEARCH_PATHS = "$(inherited) @executable_path/../Frameworks";
				PRODUCT_BUNDLE_IDENTIFIER = "com.sgntn.${PRODUCT_NAME:rfc1034identifier}";
				PRODUCT_NAME = PMDemo;
			};
			name = Release;
		};
		C01FCF4F08A954540054247B /* Debug */ = {
			isa = XCBuildConfiguration;
			buildSettings = {
				ENABLE_TESTABILITY = YES;
				GCC_C_LANGUAGE_STANDARD = gnu99;
				GCC_OPTIMIZATION_LEVEL = 0;
				GCC_WARN_ABOUT_RETURN_TYPE = YES;
				GCC_WARN_UNUSED_VARIABLE = YES;
				ONLY_ACTIVE_ARCH = YES;
				SDKROOT = macosx;
			};
			name = Debug;
		};
		C01FCF5008A954540054247B /* Release */ = {
			isa = XCBuildConfiguration;
			buildSettings = {
				GCC_C_LANGUAGE_STANDARD = gnu99;
				GCC_WARN_ABOUT_RETURN_TYPE = YES;
				GCC_WARN_UNUSED_VARIABLE = YES;
				SDKROOT = macosx;
			};
			name = Release;
		};
/* End XCBuildConfiguration section */

/* Begin XCConfigurationList section */
		C01FCF4A08A954540054247B /* Build configuration list for PBXNativeTarget "PMDemo" */ = {
			isa = XCConfigurationList;
			buildConfigurations = (
				C01FCF4B08A954540054247B /* Debug */,
				C01FCF4C08A954540054247B /* Release */,
			);
			defaultConfigurationIsVisible = 0;
			defaultConfigurationName = Release;
		};
		C01FCF4E08A954540054247B /* Build configuration list for PBXProject "PMDemo" */ = {
			isa = XCConfigurationList;
			buildConfigurations = (
				C01FCF4F08A954540054247B /* Debug */,
				C01FCF5008A954540054247B /* Release */,
			);
			defaultConfigurationIsVisible = 0;
			defaultConfigurationName = Release;
		};
/* End XCConfigurationList section */
	};
	rootObject = 29B97313FDCFA39411CA2CEA /* Project object */;
}
